
Microsoft Visual Studio Solution File, Format Version 12.00
# Visual Studio Version 17
VisualStudioVersion = 17.4.33213.308
MinimumVisualStudioVersion = 10.0.40219.1
Project("{9A19103F-16F7-4668-BE54-9A1E7A4F7556}") = "Api", "Api.csproj", "{64663A69-1419-4A92-8AB0-37C1BAF350FD}"
EndProject
Project("{9A19103F-16F7-4668-BE54-9A1E7A4F7556}") = "DataAccess", "..\DataAccess4\DataAccess.csproj", "{30397AFD-B385-47CD-958B-2C9C9233E812}"
EndProject
Project("{9A19103F-16F7-4668-BE54-9A1E7A4F7556}") = "Services", "..\Services4\Services.csproj", "{AB98E82D-20E1-472C-A15C-7A3861DD3C9E}"
EndProject
Global
	GlobalSection(SolutionConfigurationPlatforms) = preSolution
		Debug|Any CPU = Debug|Any CPU
		Release|Any CPU = Release|Any CPU
	EndGlobalSection
	GlobalSection(ProjectConfigurationPlatforms) = postSolution
		{64663A69-1419-4A92-8AB0-37C1BAF350FD}.Debug|Any CPU.ActiveCfg = Debug|Any CPU
		{64663A69-1419-4A92-8AB0-37C1BAF350FD}.Debug|Any CPU.Build.0 = Debug|Any CPU
		{64663A69-1419-4A92-8AB0-37C1BAF350FD}.Release|Any CPU.ActiveCfg = Release|Any CPU
		{64663A69-1419-4A92-8AB0-37C1BAF350FD}.Release|Any CPU.Build.0 = Release|Any CPU
		{30397AFD-B385-47CD-958B-2C9C9233E812}.Debug|Any CPU.ActiveCfg = Debug|Any CPU
		{30397AFD-B385-47CD-958B-2C9C9233E812}.Debug|Any CPU.Build.0 = Debug|Any CPU
		{30397AFD-B385-47CD-958B-2C9C9233E812}.Release|Any CPU.ActiveCfg = Release|Any CPU
		{30397AFD-B385-47CD-958B-2C9C9233E812}.Release|Any CPU.Build.0 = Release|Any CPU
		{AB98E82D-20E1-472C-A15C-7A3861DD3C9E}.Debug|Any CPU.ActiveCfg = Debug|Any CPU
		{AB98E82D-20E1-472C-A15C-7A3861DD3C9E}.Debug|Any CPU.Build.0 = Debug|Any CPU
		{AB98E82D-20E1-472C-A15C-7A3861DD3C9E}.Release|Any CPU.ActiveCfg = Release|Any CPU
		{AB98E82D-20E1-472C-A15C-7A3861DD3C9E}.Release|Any CPU.Build.0 = Release|Any CPU
	EndGlobalSection
	GlobalSection(SolutionProperties) = preSolution
		HideSolutionNode = FALSE
	EndGlobalSection
	GlobalSection(ExtensibilityGlobals) = postSolution
		SolutionGuid = {666E06F2-8617-49F5-8268-1848ECC769B5}
	EndGlobalSection
EndGlobal
